
Microsoft Visual Studio Solution File, Format Version 11.00
# Visual C# Express 2010
Project("{FAE04EC0-301F-11D3-BF4B-00C04F79EFBC}") = "changeMac", "changeMac.csproj", "{EA9D5276-AFFD-48D6-AAB0-A3D30710926F}"
EndProject
Global
	GlobalSection(SolutionConfigurationPlatforms) = preSolution
		Debug|x86 = Debug|x86
		Release|x86 = Release|x86
	EndGlobalSection
	GlobalSection(ProjectConfigurationPlatforms) = postSolution
		{EA9D5276-AFFD-48D6-AAB0-A3D30710926F}.Debug|x86.ActiveCfg = Debug|x86
		{EA9D5276-AFFD-48D6-AAB0-A3D30710926F}.Debug|x86.Build.0 = Debug|x86
		{EA9D5276-AFFD-48D6-AAB0-A3D30710926F}.Release|x86.ActiveCfg = Release|x86
		{EA9D5276-AFFD-48D6-AAB0-A3D30710926F}.Release|x86.Build.0 = Release|x86
	EndGlobalSection
	GlobalSection(SolutionProperties) = preSolution
		HideSolutionNode = FALSE
	EndGlobalSection
EndGlobal
